
Microsoft Visual Studio Solution File, Format Version 12.00
# Visual Studio Version 17
VisualStudioVersion = 17.14.36518.9 d17.14
MinimumVisualStudioVersion = 10.0.40219.1
Project("{FAE04EC0-301F-11D3-BF4B-00C04F79EFBC}") = "SportManagement", "SportManagement\SportManagement.csproj", "{7D6804FC-1E3F-4614-B490-1A22DAA2255C}"
EndProject
Global
	GlobalSection(SolutionConfigurationPlatforms) = preSolution
		Debug|Any CPU = Debug|Any CPU
		Release|Any CPU = Release|Any CPU
	EndGlobalSection
	GlobalSection(ProjectConfigurationPlatforms) = postSolution
		{7D6804FC-1E3F-4614-B490-1A22DAA2255C}.Debug|Any CPU.ActiveCfg = Debug|Any CPU
		{7D6804FC-1E3F-4614-B490-1A22DAA2255C}.Debug|Any CPU.Build.0 = Debug|Any CPU
		{7D6804FC-1E3F-4614-B490-1A22DAA2255C}.Release|Any CPU.ActiveCfg = Release|Any CPU
		{7D6804FC-1E3F-4614-B490-1A22DAA2255C}.Release|Any CPU.Build.0 = Release|Any CPU
	EndGlobalSection
	GlobalSection(SolutionProperties) = preSolution
		HideSolutionNode = FALSE
	EndGlobalSection
	GlobalSection(ExtensibilityGlobals) = postSolution
		SolutionGuid = {26BA60E6-BB37-4980-8273-AF4B81A4F59B}
	EndGlobalSection
EndGlobal
